{
  "name": "GPT_ChatBot",
  "lockfileVersion": 3,
  "requires": true,
  "packages": {
    "": {
      "dependencies": {
        "es": "^0.8.0"
      }
    },
    "node_modules/@babel/runtime-corejs3": {
      "version": "7.28.4",
      "resolved": "https://registry.npmjs.org/@babel/runtime-corejs3/-/runtime-corejs3-7.28.4.tgz",
      "integrity": "sha512-h7iEYiW4HebClDEhtvFObtPmIvrd1SSfpI9EhOeKk4CtIK/ngBWFpuhCzhdmRKtg71ylcue+9I6dv54XYO1epQ==",
      "license": "MIT",
      "dependencies": {
        "core-js-pure": "^3.43.0"
      },
      "engines": {
        "node": ">=6.9.0"
      }
    },
    "node_modules/core-js-pure": {
      "version": "3.47.0",
      "resolved": "https://registry.npmjs.org/core-js-pure/-/core-js-pure-3.47.0.tgz",
      "integrity": "sha512-BcxeDbzUrRnXGYIVAGFtcGQVNpFcUhVjr6W7F8XktvQW2iJP9e66GP6xdKotCRFlrxBvNIBrhwKteRXqMV86Nw==",
      "hasInstallScript": true,
      "license": "MIT",
      "funding": {
        "type": "opencollective",
        "url": "https://opencollective.com/core-js"
      }
    },
    "node_modules/es": {
      "version": "0.8.0",
      "resolved": "https://registry.npmjs.org/es/-/es-0.8.0.tgz",
      "integrity": "sha512-v2tAXZCtqh6NbWUr+5KLYmvYa5O0fZNcn4AZYFtkTx6aEunEW7OdbtVe60ROaOEEapHGvjXdTvnrh34HxLDGvQ==",
      "license": "MIT",
      "dependencies": {
        "@babel/runtime-corejs3": "^7.14.7",
        "reqlib": "^1.0.13"
      },
      "engines": {
        "node": ">= 6.0"
      }
    },
    "node_modules/reqlib": {
      "version": "1.0.13",
      "resolved": "https://registry.npmjs.org/reqlib/-/reqlib-1.0.13.tgz",
      "integrity": "sha512-rOTp+ANgEDlfMAjN9/0DV2b5Jkx4eD8F/jsWSOphrXzhV8zSiLOKifDXDUOTgxFjlARnUDsUCiL3FKGC6Irm7g==",
      "license": "MIT",
      "dependencies": {
        "@babel/runtime-corejs3": "^7.14.7"
      }
    }
  }
}
